
Microsoft Visual Studio Solution File, Format Version 12.00
# Visual Studio Version 17
VisualStudioVersion = 17.0.32112.339
MinimumVisualStudioVersion = 10.0.40219.1
Project("{FAE04EC0-301F-11D3-BF4B-00C04F79EFBC}") = "Programacao-orientada-objeto-ContaBancariaSimples", "Programacao-orientada-objeto-ContaBancariaSimples.csproj", "{2D3AAB1E-9339-4FF5-B209-1BB8C3E2FD81}"
EndProject
Global
	GlobalSection(SolutionConfigurationPlatforms) = preSolution
		Debug|Any CPU = Debug|Any CPU
		Release|Any CPU = Release|Any CPU
	EndGlobalSection
	GlobalSection(ProjectConfigurationPlatforms) = postSolution
		{2D3AAB1E-9339-4FF5-B209-1BB8C3E2FD81}.Debug|Any CPU.ActiveCfg = Debug|Any CPU
		{2D3AAB1E-9339-4FF5-B209-1BB8C3E2FD81}.Debug|Any CPU.Build.0 = Debug|Any CPU
		{2D3AAB1E-9339-4FF5-B209-1BB8C3E2FD81}.Release|Any CPU.ActiveCfg = Release|Any CPU
		{2D3AAB1E-9339-4FF5-B209-1BB8C3E2FD81}.Release|Any CPU.Build.0 = Release|Any CPU
	EndGlobalSection
	GlobalSection(SolutionProperties) = preSolution
		HideSolutionNode = FALSE
	EndGlobalSection
	GlobalSection(ExtensibilityGlobals) = postSolution
		SolutionGuid = {50A0BD7C-AEF9-4748-AC1F-1D3BCF4B788E}
	EndGlobalSection
EndGlobal
